{
	"name": "@shortcuts/rxjs",
	"version": "1.0.0",
	"lockfileVersion": 2,
	"requires": true,
	"packages": {
		"": {
			"name": "@shortcuts/rxjs",
			"version": "1.0.0",
			"license": "MIT",
			"dependencies": {
				"rxjs": "^5.5.12"
			},
			"peerDependencies": {
				"rxjs": ">=5.5.12"
			}
		},
		"node_modules/rxjs": {
			"version": "5.5.12",
			"resolved": "https://registry.npmmirror.com/rxjs/download/rxjs-5.5.12.tgz",
			"integrity": "sha1-b6YbinfD15PbrycL7i9D9lLXQcw=",
			"dependencies": {
				"symbol-observable": "1.0.1"
			},
			"engines": {
				"npm": ">=2.0.0"
			}
		},
		"node_modules/symbol-observable": {
			"version": "1.0.1",
			"resolved": "https://registry.npmmirror.com/symbol-observable/download/symbol-observable-1.0.1.tgz",
			"integrity": "sha1-g0D8RwLDEi310iKI+IKD9RPT/dQ=",
			"engines": {
				"node": ">=0.10.0"
			}
		}
	},
	"dependencies": {
		"rxjs": {
			"version": "5.5.12",
			"resolved": "https://registry.npmmirror.com/rxjs/download/rxjs-5.5.12.tgz",
			"integrity": "sha1-b6YbinfD15PbrycL7i9D9lLXQcw=",
			"requires": {
				"symbol-observable": "1.0.1"
			}
		},
		"symbol-observable": {
			"version": "1.0.1",
			"resolved": "https://registry.npmmirror.com/symbol-observable/download/symbol-observable-1.0.1.tgz",
			"integrity": "sha1-g0D8RwLDEi310iKI+IKD9RPT/dQ="
		}
	}
}
