{
	"name": "@shortcuts/core",
	"version": "1.0.0",
	"lockfileVersion": 2,
	"requires": true,
	"packages": {
		"": {
			"name": "@shortcuts/core",
			"version": "1.0.0",
			"license": "MIT",
			"dependencies": {
				"browser-detect": "^0.2.28"
			}
		},
		"node_modules/browser-detect": {
			"version": "0.2.28",
			"resolved": "https://registry.npmmirror.com/browser-detect/download/browser-detect-0.2.28.tgz",
			"integrity": "sha1-Voj8IvY4OQYU6+pGRkg0A/sg6/s=",
			"dependencies": {
				"core-js": "^2.5.7"
			}
		},
		"node_modules/core-js": {
			"version": "2.6.12",
			"resolved": "https://registry.npmmirror.com/core-js/download/core-js-2.6.12.tgz",
			"integrity": "sha1-2TM9+nsGXjR8xWgiGdb2kIWcwuw=",
			"deprecated": "core-js@<3.3 is no longer maintained and not recommended for usage due to the number of issues. Because of the V8 engine whims, feature detection in old core-js versions could cause a slowdown up to 100x even if nothing is polyfilled. Please, upgrade your dependencies to the actual version of core-js.",
			"hasInstallScript": true
		}
	},
	"dependencies": {
		"browser-detect": {
			"version": "0.2.28",
			"resolved": "https://registry.npmmirror.com/browser-detect/download/browser-detect-0.2.28.tgz",
			"integrity": "sha1-Voj8IvY4OQYU6+pGRkg0A/sg6/s=",
			"requires": {
				"core-js": "^2.5.7"
			}
		},
		"core-js": {
			"version": "2.6.12",
			"resolved": "https://registry.npmmirror.com/core-js/download/core-js-2.6.12.tgz",
			"integrity": "sha1-2TM9+nsGXjR8xWgiGdb2kIWcwuw="
		}
	}
}
