# THIS IS AN AUTOGENERATED FILE. DO NOT EDIT THIS FILE DIRECTLY.
# yarn lockfile v1


"@vgerbot/shortcuts@^1.0.0":
  version "1.0.0"
  resolved "https://registry.yarnpkg.com/@vgerbot/shortcuts/-/shortcuts-1.0.0.tgz#1d0341b3024f5d795d6cce9887040d072bc27f43"
  integrity sha512-KqfEfkvi/mX+oeySNP55/mBQxM/rgA8dssx9UdiTN+TXqdaLkMr3af4bbzVVzioe5X6km5jJ1paJGXKdXgrVfA==
  dependencies:
    browser-detect "^0.2.28"

browser-detect@^0.2.28:
  version "0.2.28"
  resolved "https://registry.yarnpkg.com/browser-detect/-/browser-detect-0.2.28.tgz#5688fc22f638390614ebea4646483403fb20ebfb"
  integrity sha512-KeWGHqYQmHDkCFG2dIiX/2wFUgqevbw/rd6wNi9N6rZbaSJFtG5kel0HtprRwCGp8sqpQP79LzDJXf/WCx4WAw==
  dependencies:
    core-js "^2.5.7"

core-js@^2.5.7:
  version "2.6.12"
  resolved "https://registry.yarnpkg.com/core-js/-/core-js-2.6.12.tgz#d9333dfa7b065e347cc5682219d6f690859cc2ec"
  integrity sha512-Kb2wC0fvsWfQrgk8HU5lW6U/Lcs8+9aaYcy4ZFc6DDlo4nZ7n70dEgE5rtR0oG6ufKDUnrwfWL1mXR5ljDatrQ==

csstype@^3.1.0:
  version "3.1.3"
  resolved "https://registry.yarnpkg.com/csstype/-/csstype-3.1.3.tgz#d80ff294d114fb0e6ac500fbf85b60137d7eff81"
  integrity sha512-M1uQkMl8rQK/szD0LNhtqxIPLpimGm8sOBwU7lLnCpSbTyY3yeU1Vc7l4KT5zT4s/yOxHH5O7tIuuLOCnLADRw==

seroval-plugins@^1.0.3:
  version "1.0.5"
  resolved "https://registry.yarnpkg.com/seroval-plugins/-/seroval-plugins-1.0.5.tgz#eeded50d736d5e1dba142a72b0188df9f4e42b6d"
  integrity sha512-8+pDC1vOedPXjKG7oz8o+iiHrtF2WswaMQJ7CKFpccvSYfrzmvKY9zOJWCg+881722wIHfwkdnRmiiDm9ym+zQ==

seroval@^1.0.4:
  version "1.0.5"
  resolved "https://registry.yarnpkg.com/seroval/-/seroval-1.0.5.tgz#d71ee540d936babaed92f56eda3e52d8e2a3deed"
  integrity sha512-TM+Z11tHHvQVQKeNlOUonOWnsNM+2IBwZ4vwoi4j3zKzIpc5IDw8WPwCfcc8F17wy6cBcJGbZbFOR0UCuTZHQA==

solid-js@^1.8.16:
  version "1.8.16"
  resolved "https://registry.yarnpkg.com/solid-js/-/solid-js-1.8.16.tgz#33ce9bff617154d5f4b889e1b2fb89d682b7a422"
  integrity sha512-rja94MNU9flF3qQRLNsu60QHKBDKBkVE1DldJZPIfn2ypIn3NV2WpSbGTQIvsyGPBo+9E2IMjwqnqpbgfWuzeg==
  dependencies:
    csstype "^3.1.0"
    seroval "^1.0.4"
    seroval-plugins "^1.0.3"
